PODS:
  - Flutter (1.0.0)
  - Unflow (1.7.0)
  - unflow_flutter (0.0.1):
    - Flutter
    - Unflow

DEPENDENCIES:
  - Flutter (from `Flutter`)
  - unflow_flutter (from `.symlinks/plugins/unflow_flutter/ios`)

SPEC REPOS:
  trunk:
    - Unflow

EXTERNAL SOURCES:
  Flutter:
    :path: Flutter
  unflow_flutter:
    :path: ".symlinks/plugins/unflow_flutter/ios"

SPEC CHECKSUMS:
  Flutter: 50d75fe2f02b26cc09d224853bb45737f8b3214a
  Unflow: d9f037109fdaba8c306a1be8f2dda564b3915c36
  unflow_flutter: 4a2e99b20a16e3afe9b2ab0fe9f49df064f4bb3e

PODFILE CHECKSUM: aafe91acc616949ddb318b77800a7f51bffa2a4c

COCOAPODS: 1.11.3
